dependencies:
- name: kube-prometheus-stack
  repository: oci://ghcr.io/prometheus-community/charts
  version: 85.3.3
- name: tempo
  repository: https://grafana-community.github.io/helm-charts
  version: 2.1.2
- name: alloy
  repository: https://grafana.github.io/helm-charts
  version: 1.8.1
digest: sha256:8809fa339b5adeb6758c77e43df030f2a257762e46d5aad9c809fa33115447ff
generated: "2026-05-25T21:47:30.931940133+08:00"
