dependencies:
- name: kube-prometheus-stack
  repository: oci://ghcr.io/prometheus-community/charts
  version: 85.3.3
- name: tempo
  repository: https://grafana-community.github.io/helm-charts
  version: 2.1.2
- name: loki
  repository: https://grafana.github.io/helm-charts
  version: 6.55.0
- name: mimir-distributed
  repository: https://grafana.github.io/helm-charts
  version: 6.0.6
digest: sha256:a0b22157ca6ee84fa7fd08d6eb4eb4b3b4ae888dde732256721ba8732c17c860
generated: "2026-05-31T00:26:44.058075578+08:00"
